
Microsoft Visual Studio Solution File, Format Version 12.00
# Visual Studio 2015
Project("{FAE04EC0-301F-11D3-BF4B-00C04F79EFBC}") = "ColdWarSimulator2k19.CSharp", "ColdWarSimulator2k19.CSharp.csproj", "{4F2ED4F3-2658-7B1F-BBD8-25D484A9A3CC}"
EndProject
Global
	GlobalSection(SolutionConfigurationPlatforms) = preSolution
		Debug|Any CPU = Debug|Any CPU
		Release|Any CPU = Release|Any CPU
	EndGlobalSection
	GlobalSection(ProjectConfigurationPlatforms) = postSolution
		{4F2ED4F3-2658-7B1F-BBD8-25D484A9A3CC}.Debug|Any CPU.ActiveCfg = Debug|Any CPU
		{4F2ED4F3-2658-7B1F-BBD8-25D484A9A3CC}.Debug|Any CPU.Build.0 = Debug|Any CPU
		{4F2ED4F3-2658-7B1F-BBD8-25D484A9A3CC}.Release|Any CPU.ActiveCfg = Release|Any CPU
		{4F2ED4F3-2658-7B1F-BBD8-25D484A9A3CC}.Release|Any CPU.Build.0 = Release|Any CPU
	EndGlobalSection
	GlobalSection(SolutionProperties) = preSolution
		HideSolutionNode = FALSE
	EndGlobalSection
EndGlobal
